
Microsoft Visual Studio Solution File, Format Version 12.00
# Visual Studio Version 18
VisualStudioVersion = 18.3.11527.330 d18.3
MinimumVisualStudioVersion = 10.0.40219.1
Project("{FAE04EC0-301F-11D3-BF4B-00C04F79EFBC}") = "GST.Storesys.Backup.Tool.Console", "GST.Storesys.Backup.Tool.Console\GST.Storesys.Backup.Tool.Console.csproj", "{4276CC2F-D3BF-467A-A9FA-6A2AECFB23B5}"
EndProject
Global
	GlobalSection(SolutionConfigurationPlatforms) = preSolution
		Debug|Any CPU = Debug|Any CPU
		Release|Any CPU = Release|Any CPU
	EndGlobalSection
	GlobalSection(ProjectConfigurationPlatforms) = postSolution
		{4276CC2F-D3BF-467A-A9FA-6A2AECFB23B5}.Debug|Any CPU.ActiveCfg = Debug|Any CPU
		{4276CC2F-D3BF-467A-A9FA-6A2AECFB23B5}.Debug|Any CPU.Build.0 = Debug|Any CPU
		{4276CC2F-D3BF-467A-A9FA-6A2AECFB23B5}.Release|Any CPU.ActiveCfg = Release|Any CPU
		{4276CC2F-D3BF-467A-A9FA-6A2AECFB23B5}.Release|Any CPU.Build.0 = Release|Any CPU
	EndGlobalSection
	GlobalSection(SolutionProperties) = preSolution
		HideSolutionNode = FALSE
	EndGlobalSection
EndGlobal
